
Microsoft Visual Studio Solution File, Format Version 12.00
# Visual Studio Version 17
VisualStudioVersion = 17.9.34616.47
MinimumVisualStudioVersion = 10.0.40219.1
Project("{FAE04EC0-301F-11D3-BF4B-00C04F79EFBC}") = "prueba1", "prueba1.csproj", "{255D1139-4E08-4F09-8216-9FFE9B7B3DBB}"
EndProject
Global
	GlobalSection(SolutionConfigurationPlatforms) = preSolution
		Debug|Any CPU = Debug|Any CPU
		Release|Any CPU = Release|Any CPU
	EndGlobalSection
	GlobalSection(ProjectConfigurationPlatforms) = postSolution
		{255D1139-4E08-4F09-8216-9FFE9B7B3DBB}.Debug|Any CPU.ActiveCfg = Debug|Any CPU
		{255D1139-4E08-4F09-8216-9FFE9B7B3DBB}.Debug|Any CPU.Build.0 = Debug|Any CPU
		{255D1139-4E08-4F09-8216-9FFE9B7B3DBB}.Release|Any CPU.ActiveCfg = Release|Any CPU
		{255D1139-4E08-4F09-8216-9FFE9B7B3DBB}.Release|Any CPU.Build.0 = Release|Any CPU
	EndGlobalSection
	GlobalSection(SolutionProperties) = preSolution
		HideSolutionNode = FALSE
	EndGlobalSection
	GlobalSection(ExtensibilityGlobals) = postSolution
		SolutionGuid = {BBF003BB-58DE-4FFC-8682-6493ECFA8B06}
	EndGlobalSection
EndGlobal
